
Microsoft Visual Studio Solution File, Format Version 12.00
# Visual Studio Version 17
VisualStudioVersion = 17.13.35931.197 d17.13
MinimumVisualStudioVersion = 10.0.40219.1
Project("{FAE04EC0-301F-11D3-BF4B-00C04F79EFBC}") = "ST10256859_PROG7311_POE", "ST10256859_PROG7311_POE\ST10256859_PROG7311_POE.csproj", "{72033FAF-BBC5-4F41-9C14-C36029FBBBFE}"
EndProject
Global
	GlobalSection(SolutionConfigurationPlatforms) = preSolution
		Debug|Any CPU = Debug|Any CPU
		Release|Any CPU = Release|Any CPU
	EndGlobalSection
	GlobalSection(ProjectConfigurationPlatforms) = postSolution
		{72033FAF-BBC5-4F41-9C14-C36029FBBBFE}.Debug|Any CPU.ActiveCfg = Debug|Any CPU
		{72033FAF-BBC5-4F41-9C14-C36029FBBBFE}.Debug|Any CPU.Build.0 = Debug|Any CPU
		{72033FAF-BBC5-4F41-9C14-C36029FBBBFE}.Release|Any CPU.ActiveCfg = Release|Any CPU
		{72033FAF-BBC5-4F41-9C14-C36029FBBBFE}.Release|Any CPU.Build.0 = Release|Any CPU
	EndGlobalSection
	GlobalSection(SolutionProperties) = preSolution
		HideSolutionNode = FALSE
	EndGlobalSection
	GlobalSection(ExtensibilityGlobals) = postSolution
		SolutionGuid = {4A10D426-A7E4-4AD3-A967-A5B08B2205BC}
	EndGlobalSection
EndGlobal
